Microsoft Visual Studio Solution File, Format Version 12.00
# Visual Studio Version 17
VisualStudioVersion = 17.0.31903.59
MinimumVisualStudioVersion = 10.0.40219.1
Project("{FAE04EC0-301F-11D3-BF4B-00C04F79EFBC}") = "Empathic.Api", "src\Empathic.Api\Empathic.Api.csproj", "{61D2775E-55CA-4B30-B682-8937F4830EB7}"
EndProject
Global
	GlobalSection(SolutionConfigurationPlatforms) = preSolution
		Debug|Any CPU = Debug|Any CPU
		Release|Any CPU = Release|Any CPU
	EndGlobalSection
	GlobalSection(ProjectConfigurationPlatforms) = postSolution
		{61D2775E-55CA-4B30-B682-8937F4830EB7}.Debug|Any CPU.ActiveCfg = Debug|Any CPU
		{61D2775E-55CA-4B30-B682-8937F4830EB7}.Debug|Any CPU.Build.0 = Debug|Any CPU
		{61D2775E-55CA-4B30-B682-8937F4830EB7}.Release|Any CPU.ActiveCfg = Release|Any CPU
		{61D2775E-55CA-4B30-B682-8937F4830EB7}.Release|Any CPU.Build.0 = Release|Any CPU
	EndGlobalSection
EndGlobal
